
Microsoft Visual Studio Solution File, Format Version 12.00
# Visual Studio Version 17
VisualStudioVersion = 17.2.32630.192
MinimumVisualStudioVersion = 10.0.40219.1
Project("{2150E333-8FDC-42A3-9474-1A3956D46DE8}") = "ProjectConfig", "ProjectConfig", "{62ECE40E-CA31-4602-8670-35BAF2C83672}"
	ProjectSection(SolutionItems) = preProject
		..\.editorconfig = ..\.editorconfig
		..\.gitignore = ..\.gitignore
		..\.github\dependabot.yml = ..\.github\dependabot.yml
		..\Directory.Build.props = ..\Directory.Build.props
		..\LICENSE = ..\LICENSE
		..\README.md = ..\README.md
		..\Images\S7PlcRx.ico = ..\Images\S7PlcRx.ico
		..\Images\S7PlcRx.png = ..\Images\S7PlcRx.png
		..\stylecop.json = ..\stylecop.json
		..\Version.json = ..\Version.json
	EndProjectSection
EndProject
Project("{9A19103F-16F7-4668-BE54-9A1E7A4F7556}") = "S7PlcRx", "S7PlcRx\S7PlcRx.csproj", "{1F953491-ABF8-4BF3-BEB9-1AE00996DE49}"
EndProject
Project("{9A19103F-16F7-4668-BE54-9A1E7A4F7556}") = "_build", "..\build\_build.csproj", "{15D2D29D-6ACC-4459-9C5D-9FFCB2E7841C}"
EndProject
Project("{9A19103F-16F7-4668-BE54-9A1E7A4F7556}") = "S7PlcRx.TestApp", "S7PlcRx.TestApp\S7PlcRx.TestApp.csproj", "{D1917CA7-680D-4161-AE8C-AF343E1006B5}"
EndProject
Project("{FAE04EC0-301F-11D3-BF4B-00C04F79EFBC}") = "S7PlcRx.Tests", "S7PlcRx.Tests\S7PlcRx.Tests.csproj", "{3EA7CF94-3A42-CA39-B6DE-8EAFA3F8E9AF}"
EndProject
Global
	GlobalSection(SolutionConfigurationPlatforms) = preSolution
		Debug|Any CPU = Debug|Any CPU
		Release|Any CPU = Release|Any CPU
	EndGlobalSection
	GlobalSection(ProjectConfigurationPlatforms) = postSolution
		{1F953491-ABF8-4BF3-BEB9-1AE00996DE49}.Debug|Any CPU.ActiveCfg = Debug|Any CPU
		{1F953491-ABF8-4BF3-BEB9-1AE00996DE49}.Debug|Any CPU.Build.0 = Debug|Any CPU
		{1F953491-ABF8-4BF3-BEB9-1AE00996DE49}.Release|Any CPU.ActiveCfg = Release|Any CPU
		{1F953491-ABF8-4BF3-BEB9-1AE00996DE49}.Release|Any CPU.Build.0 = Release|Any CPU
		{15D2D29D-6ACC-4459-9C5D-9FFCB2E7841C}.Debug|Any CPU.ActiveCfg = Debug|Any CPU
		{15D2D29D-6ACC-4459-9C5D-9FFCB2E7841C}.Release|Any CPU.ActiveCfg = Release|Any CPU
		{D1917CA7-680D-4161-AE8C-AF343E1006B5}.Debug|Any CPU.ActiveCfg = Debug|Any CPU
		{D1917CA7-680D-4161-AE8C-AF343E1006B5}.Debug|Any CPU.Build.0 = Debug|Any CPU
		{D1917CA7-680D-4161-AE8C-AF343E1006B5}.Release|Any CPU.ActiveCfg = Release|Any CPU
		{D1917CA7-680D-4161-AE8C-AF343E1006B5}.Release|Any CPU.Build.0 = Release|Any CPU
		{3EA7CF94-3A42-CA39-B6DE-8EAFA3F8E9AF}.Debug|Any CPU.ActiveCfg = Debug|Any CPU
		{3EA7CF94-3A42-CA39-B6DE-8EAFA3F8E9AF}.Debug|Any CPU.Build.0 = Debug|Any CPU
		{3EA7CF94-3A42-CA39-B6DE-8EAFA3F8E9AF}.Release|Any CPU.ActiveCfg = Release|Any CPU
		{3EA7CF94-3A42-CA39-B6DE-8EAFA3F8E9AF}.Release|Any CPU.Build.0 = Release|Any CPU
	EndGlobalSection
	GlobalSection(SolutionProperties) = preSolution
		HideSolutionNode = FALSE
	EndGlobalSection
	GlobalSection(ExtensibilityGlobals) = postSolution
		SolutionGuid = {7727F7B6-C5BD-45F4-B7F3-B5DA765C4277}
	EndGlobalSection
EndGlobal
